// !$*UTF8*$!
{
	archiveVersion = 1;
	classes = {
	};
	objectVersion = 52;
	objects = {

/* Begin PBXBuildFile section */
		0207DA581B56EA530066E2B4 /* Images.xcassets in Resources */ = {isa = PBXBuildFile; fileRef = 0207DA571B56EA530066E2B4 /* Images.xcassets */; };
		0423960C27D948C4B427C8D1 /* GLKit.framework in Frameworks */ = {isa = PBXBuildFile; fileRef = 3614A3EBE9E349AAA82E10ED /* GLKit.framework */; };
		078758958BB84BDD8F11CBDA /* TemperatureAndTint.m in Sources */ = {isa = PBXBuildFile; fileRef = 96D65BEFFE8D44F3A345D86A /* TemperatureAndTint.m */; };
		1134A7E7D5CF49FDB63EBCA7 /* NativeGeocoder.swift in Sources */ = {isa = PBXBuildFile; fileRef = 057AC432033E4F2A93EB3CCB /* NativeGeocoder.swift */; };
		14436808972744E18EA8CC22 /* CoreVideo.framework in Frameworks */ = {isa = PBXBuildFile; fileRef = DE2B68C5BD3C41F583E83A24 /* CoreVideo.framework */; };
		1A8536268D60473AABDBBCB7 /* CDVCamera.m in Sources */ = {isa = PBXBuildFile; fileRef = 0537497D337E4AC8A8CE70CD /* CDVCamera.m */; };
		1D3623260D0F684500981E51 /* AppDelegate.m in Sources */ = {isa = PBXBuildFile; fileRef = 1D3623250D0F684500981E51 /* AppDelegate.m */; };
		1D60589B0D05DD56006BFB54 /* main.m in Sources */ = {isa = PBXBuildFile; fileRef = 29B97316FDCFA39411CA2CEA /* main.m */; };
		220BFB0129164D3C8E2B48EF /* AddressBook.framework in Frameworks */ = {isa = PBXBuildFile; fileRef = 526004D5D49B48C1B2BAAFCD /* AddressBook.framework */; settings = {ATTRIBUTES = (Weak, ); }; };
		244156E7078546E892F94B27 /* AppDelegate+FCMPlugin.m in Sources */ = {isa = PBXBuildFile; fileRef = ABC98C85AE7D401EA01A9742 /* AppDelegate+FCMPlugin.m */; };
		301BF552109A68D80062928A /* libCordova.a in Frameworks */ = {isa = PBXBuildFile; fileRef = 301BF535109A57CC0062928A /* libCordova.a */; settings = {ATTRIBUTES = (Required, ); }; };
		302D95F114D2391D003F00A1 /* MainViewController.m in Sources */ = {isa = PBXBuildFile; fileRef = 302D95EF14D2391D003F00A1 /* MainViewController.m */; };
		302D95F214D2391D003F00A1 /* MainViewController.xib in Resources */ = {isa = PBXBuildFile; fileRef = 302D95F014D2391D003F00A1 /* MainViewController.xib */; };
		36772E6D7D844B5F8DAABAFD /* CDVStatusBar.m in Sources */ = {isa = PBXBuildFile; fileRef = 15706EBB5A38487C888EBC45 /* CDVStatusBar.m */; };
		38C8CCD6EF3E4E15B3AD70E7 /* MobileRTC.framework in Frameworks */ = {isa = PBXBuildFile; fileRef = 770128417DD344B1885719AA /* MobileRTC.framework */; };
		41AFBC8D727743409DC73E85 /* Security.framework in Frameworks */ = {isa = PBXBuildFile; fileRef = 2D1A226A32C24CDC9C20262B /* Security.framework */; settings = {ATTRIBUTES = (Weak, ); }; };
		442F8EA55FB9449B80305057 /* CDVWKWebViewEngine.m in Sources */ = {isa = PBXBuildFile; fileRef = 1BB5AD60714F407F9B01A170 /* CDVWKWebViewEngine.m */; };
		484E1C622A5E4AB1A28A2D6C /* QuartzCore.framework in Frameworks */ = {isa = PBXBuildFile; fileRef = B5FE1B4CEAEE4984A4B8D222 /* QuartzCore.framework */; };
		4E32C0C1FAC442F885981158 /* FCMNotificationCenterDelegate.m in Sources */ = {isa = PBXBuildFile; fileRef = E7798738C88E4693B5DB4B5E /* FCMNotificationCenterDelegate.m */; };
		500E9034636A420EB19C67C2 /* SystemConfiguration.framework in Frameworks */ = {isa = PBXBuildFile; fileRef = 37769ED2D33247168EE22428 /* SystemConfiguration.framework */; settings = {ATTRIBUTES = (Weak, ); }; };
		6542371C1ABF4665BE01D38D /* CDVSplashScreen.m in Sources */ = {isa = PBXBuildFile; fileRef = EEC971AE15254B9A9FB621A8 /* CDVSplashScreen.m */; };
		655B5B55656448E4A0997E69 /* GoogleService-Info.plist in Resources */ = {isa = PBXBuildFile; fileRef = C8340C9FB38948C095572A51 /* GoogleService-Info.plist */; };
		6AFF5BF91D6E424B00AB3073 /* CDVLaunchScreen.storyboard in Resources */ = {isa = PBXBuildFile; fileRef = 6AFF5BF81D6E424B00AB3073 /* CDVLaunchScreen.storyboard */; };
		73E3C985E32140D8A4593324 /* IONAssetHandler.m in Sources */ = {isa = PBXBuildFile; fileRef = A379A46FDB434F328C1BABA3 /* IONAssetHandler.m */; };
		7CA6481B075C46AB91673F0B /* CameraSessionManager.m in Sources */ = {isa = PBXBuildFile; fileRef = 1BE947C37EC44C44AAD072EC /* CameraSessionManager.m */; };
		7F6BE2603C4F4FCFA0FA8809 /* SafariServices.framework in Frameworks */ = {isa = PBXBuildFile; fileRef = E9D906B117BD41D6A8403189 /* SafariServices.framework */; settings = {ATTRIBUTES = (Weak, ); }; };
		824DA9D862C147A3AD546924 /* CoreText.framework in Frameworks */ = {isa = PBXBuildFile; fileRef = 007D4D5E65E84EDEAD36801C /* CoreText.framework */; settings = {ATTRIBUTES = (Weak, ); }; };
		8297068730364C10A44AE55B /* ImageIO.framework in Frameworks */ = {isa = PBXBuildFile; fileRef = CD4828FAB43E4A5594839DF1 /* ImageIO.framework */; settings = {ATTRIBUTES = (Weak, ); }; };
		873F848AD808421F9817AAF7 /* AVFoundation.framework in Frameworks */ = {isa = PBXBuildFile; fileRef = C19D32EA1F204720A85A4D63 /* AVFoundation.framework */; };
		90018BFB38FD4A719CDB8491 /* Zoom.m in Sources */ = {isa = PBXBuildFile; fileRef = C4A0322A1A134C9B914423B7 /* Zoom.m */; };
		9358D0D598FA461F8E66DF18 /* CoreLocation.framework in Frameworks */ = {isa = PBXBuildFile; fileRef = 893DF45F112346EA92F679A7 /* CoreLocation.framework */; };
		A07E19D542B940B3A8D221F5 /* CDVWKWebViewUIDelegate.m in Sources */ = {isa = PBXBuildFile; fileRef = C157228698CC493596B94F21 /* CDVWKWebViewUIDelegate.m */; };
		A0B71442960A493FBA0E045E /* CoreImage.framework in Frameworks */ = {isa = PBXBuildFile; fileRef = 1497597441B74BCF96184BC0 /* CoreImage.framework */; };
		A65149962F86476E8F8FD5C9 /* CameraRenderController.m in Sources */ = {isa = PBXBuildFile; fileRef = 78303FD25B5C4FA0AE2C4983 /* CameraRenderController.m */; };
		AC6B3D2A620F4CF79ED7D3A9 /* GooglePlus.m in Sources */ = {isa = PBXBuildFile; fileRef = 758C402C59D446E8A8A3FAE9 /* GooglePlus.m */; };
		B55DE333513F0D1089D1F48C /* Pods_Peerrecovery_App.framework in Frameworks */ = {isa = PBXBuildFile; fileRef = 002E0B81795473BE4B46EFF0 /* Pods_Peerrecovery_App.framework */; };
		B99E067AA5C948A2AA97E12F /* MobileRTCResources.bundle in Resources */ = {isa = PBXBuildFile; fileRef = 345792B2F9C34EAF8D6FFE6E /* MobileRTCResources.bundle */; };
		C304EC5BDD894EEA9C9047FE /* CDVIonicKeyboard.m in Sources */ = {isa = PBXBuildFile; fileRef = 5E2CDCB0782E4DD6BABEB96F /* CDVIonicKeyboard.m */; };
		C4BEC208254D4346A024C464 /* FCMPlugin.m in Sources */ = {isa = PBXBuildFile; fileRef = 6FCFADC018374D69AC1D153A /* FCMPlugin.m */; };
		C7C20DF12D584DF4A6F41864 /* libz.tbd in Frameworks */ = {isa = PBXBuildFile; fileRef = 4908856EBAF84BF3BE5A4D67 /* libz.tbd */; settings = {ATTRIBUTES = (Weak, ); }; };
		CDBF81F1BBA346E4A052C9A8 /* CDVJpegHeaderWriter.m in Sources */ = {isa = PBXBuildFile; fileRef = F3F2A1509D7141C5BF5CA5D3 /* CDVJpegHeaderWriter.m */; };
		D36BC6909AEA4F028541CCAB /* CameraPreview.m in Sources */ = {isa = PBXBuildFile; fileRef = 6DEF30F065374CE4824E3E3E /* CameraPreview.m */; };
		D392D41A8A4F45A385382F0B /* CDVViewController+SplashScreen.m in Sources */ = {isa = PBXBuildFile; fileRef = A64CD3BE13C44FE0BE4992A4 /* CDVViewController+SplashScreen.m */; };
		D52289F5E81F4D3C9B37E999 /* OpenGLES.framework in Frameworks */ = {isa = PBXBuildFile; fileRef = 57FBE977A2D74BBBBC7EB793 /* OpenGLES.framework */; };
		D9ACC09993AD4F95AD542553 /* WebKit.framework in Frameworks */ = {isa = PBXBuildFile; fileRef = E4C643E8EE8748429686E379 /* WebKit.framework */; settings = {ATTRIBUTES = (Weak, ); }; };
		DB1AAE2DFCAC448BB93AF5BA /* CDVLocation.m in Sources */ = {isa = PBXBuildFile; fileRef = BC25F14B61C84D969AAD6D40 /* CDVLocation.m */; };
		E3E91C2087794D13AF83D3FC /* FCMPluginIOS9Support.m in Sources */ = {isa = PBXBuildFile; fileRef = 26A7B0DD99AE4293B3E044D2 /* FCMPluginIOS9Support.m */; };
		EAA312DF02864EA58ADD76BB /* UIImage+CropScaleOrientation.m in Sources */ = {isa = PBXBuildFile; fileRef = 83FA8649A3E74AAD9B4A75A7 /* UIImage+CropScaleOrientation.m */; };
		EB0EA2B79C8E496283F79775 /* CDVWKProcessPoolFactory.m in Sources */ = {isa = PBXBuildFile; fileRef = 022B232C16CB440BAD8399D1 /* CDVWKProcessPoolFactory.m */; };
		F690B4CAF40E4FC4BB2BE6E8 /* VideoCapturePlus.m in Sources */ = {isa = PBXBuildFile; fileRef = BC3F93488E834E93BF8BEB6C /* VideoCapturePlus.m */; };
		F7EA0CC3861C4C4D9FDA7853 /* MobileRTC.framework in Embed Frameworks */ = {isa = PBXBuildFile; fileRef = 4D6E23061F2F4C2B9F8C4F7D /* MobileRTC.framework */; settings = {ATTRIBUTES = (CodeSignOnCopy, ); }; };
		FB5661BB25BA44DAAA754B14 /* CDVDevice.m in Sources */ = {isa = PBXBuildFile; fileRef = A2A7645DBFD74CB18CADE5B9 /* CDVDevice.m */; };
		FB5B27B6D5544EB18B0D687C /* libz.dylib in Frameworks */ = {isa = PBXBuildFile; fileRef = 06BD90A7166C4A5DBDA6BCBE /* libz.dylib */; settings = {ATTRIBUTES = (Weak, ); }; };
/* End PBXBuildFile section */

/* Begin PBXContainerItemProxy section */
		301BF534109A57CC0062928A /* PBXContainerItemProxy */ = {
			isa = PBXContainerItemProxy;
			containerPortal = 301BF52D109A57CC0062928A /* CordovaLib.xcodeproj */;
			proxyType = 2;
			remoteGlobalIDString = D2AAC07E0554694100DB518D;
			remoteInfo = CordovaLib;
		};
		301BF550109A68C00062928A /* PBXContainerItemProxy */ = {
			isa = PBXContainerItemProxy;
			containerPortal = 301BF52D109A57CC0062928A /* CordovaLib.xcodeproj */;
			proxyType = 1;
			remoteGlobalIDString = D2AAC07D0554694100DB518D;
			remoteInfo = CordovaLib;
		};
		907D8123214C687600058A10 /* PBXContainerItemProxy */ = {
			isa = PBXContainerItemProxy;
			containerPortal = 301BF52D109A57CC0062928A /* CordovaLib.xcodeproj */;
			proxyType = 2;
			remoteGlobalIDString = C0C01EB21E3911D50056E6CB;
			remoteInfo = Cordova;
		};
/* End PBXContainerItemProxy section */

/* Begin PBXCopyFilesBuildPhase section */
		B828FA9057B44329A785E5F6 /* Embed Frameworks */ = {
			isa = PBXCopyFilesBuildPhase;
			buildActionMask = 2147483647;
			dstPath = "";
			dstSubfolderSpec = 10;
			files = (
				F7EA0CC3861C4C4D9FDA7853 /* MobileRTC.framework in Embed Frameworks */,
			);
			name = "Embed Frameworks";
			runOnlyForDeploymentPostprocessing = 0;
		};
/* End PBXCopyFilesBuildPhase section */

/* Begin PBXFileReference section */
		002E0B81795473BE4B46EFF0 /* Pods_Peerrecovery_App.framework */ = {isa = PBXFileReference; explicitFileType = wrapper.framework; includeInIndex = 0; path = Pods_Peerrecovery_App.framework; sourceTree = BUILT_PRODUCTS_DIR; };
		007D4D5E65E84EDEAD36801C /* CoreText.framework */ = {isa = PBXFileReference; explicitFileType = undefined; fileEncoding = 9; includeInIndex = 0; lastKnownFileType = wrapper.framework; name = CoreText.framework; path = System/Library/Frameworks/CoreText.framework; sourceTree = SDKROOT; };
		0207DA571B56EA530066E2B4 /* Images.xcassets */ = {isa = PBXFileReference; lastKnownFileType = folder.assetcatalog; name = Images.xcassets; path = "Peerrecovery App/Images.xcassets"; sourceTree = SOURCE_ROOT; };
		022B232C16CB440BAD8399D1 /* CDVWKProcessPoolFactory.m */ = {isa = PBXFileReference; explicitFileType = undefined; fileEncoding = 4; includeInIndex = 0; lastKnownFileType = sourcecode.c.objc; name = CDVWKProcessPoolFactory.m; path = "cordova-plugin-ionic-webview/CDVWKProcessPoolFactory.m"; sourceTree = "<group>"; };
		0537497D337E4AC8A8CE70CD /* CDVCamera.m */ = {isa = PBXFileReference; explicitFileType = undefined; fileEncoding = 4; includeInIndex = 0; lastKnownFileType = sourcecode.c.objc; name = CDVCamera.m; path = "cordova-plugin-camera/CDVCamera.m"; sourceTree = "<group>"; };
		057AC432033E4F2A93EB3CCB /* NativeGeocoder.swift */ = {isa = PBXFileReference; explicitFileType = undefined; fileEncoding = 4; includeInIndex = 0; lastKnownFileType = sourcecode.swift; name = NativeGeocoder.swift; path = "cordova-plugin-nativegeocoder/NativeGeocoder.swift"; sourceTree = "<group>"; };
		06BD90A7166C4A5DBDA6BCBE /* libz.dylib */ = {isa = PBXFileReference; explicitFileType = undefined; fileEncoding = 9; includeInIndex = 0; lastKnownFileType = "compiled.mach-o.dylib"; name = libz.dylib; path = usr/lib/libz.dylib; sourceTree = SDKROOT; };
		11241125B2364AC998E987B1 /* TemperatureAndTint.h */ = {isa = PBXFileReference; explicitFileType = undefined; fileEncoding = 4; includeInIndex = 0; lastKnownFileType = sourcecode.c.h; name = TemperatureAndTint.h; path = "cordova-plugin-camera-preview/TemperatureAndTint.h"; sourceTree = "<group>"; };
		1497597441B74BCF96184BC0 /* CoreImage.framework */ = {isa = PBXFileReference; explicitFileType = undefined; fileEncoding = 9; includeInIndex = 0; lastKnownFileType = wrapper.framework; name = CoreImage.framework; path = System/Library/Frameworks/CoreImage.framework; sourceTree = SDKROOT; };
		15706EBB5A38487C888EBC45 /* CDVStatusBar.m */ = {isa = PBXFileReference; explicitFileType = undefined; fileEncoding = 4; includeInIndex = 0; lastKnownFileType = sourcecode.c.objc; name = CDVStatusBar.m; path = "cordova-plugin-statusbar/CDVStatusBar.m"; sourceTree = "<group>"; };
		15DEC2EDC0AA4985BE8ACF8D /* AppDelegate+FCMPlugin.h */ = {isa = PBXFileReference; explicitFileType = undefined; fileEncoding = 4; includeInIndex = 0; lastKnownFileType = sourcecode.c.h; name = "AppDelegate+FCMPlugin.h"; path = "cordova-plugin-fcm-with-dependecy-updated/AppDelegate+FCMPlugin.h"; sourceTree = "<group>"; };
		16E623DC7028463C87643C99 /* CDVStatusBar.h */ = {isa = PBXFileReference; explicitFileType = undefined; fileEncoding = 4; includeInIndex = 0; lastKnownFileType = sourcecode.c.h; name = CDVStatusBar.h; path = "cordova-plugin-statusbar/CDVStatusBar.h"; sourceTree = "<group>"; };
		1BB5AD60714F407F9B01A170 /* CDVWKWebViewEngine.m */ = {isa = PBXFileReference; explicitFileType = undefined; fileEncoding = 4; includeInIndex = 0; lastKnownFileType = sourcecode.c.objc; name = CDVWKWebViewEngine.m; path = "cordova-plugin-ionic-webview/CDVWKWebViewEngine.m"; sourceTree = "<group>"; };
		1BE947C37EC44C44AAD072EC /* CameraSessionManager.m */ = {isa = PBXFileReference; explicitFileType = undefined; fileEncoding = 4; includeInIndex = 0; lastKnownFileType = sourcecode.c.objc; name = CameraSessionManager.m; path = "cordova-plugin-camera-preview/CameraSessionManager.m"; sourceTree = "<group>"; };
		1D3623240D0F684500981E51 /* AppDelegate.h */ = {isa = PBXFileReference; fileEncoding = 4; lastKnownFileType = sourcecode.c.h; path = AppDelegate.h; sourceTree = "<group>"; };
		1D3623250D0F684500981E51 /* AppDelegate.m */ = {isa = PBXFileReference; fileEncoding = 4; lastKnownFileType = sourcecode.c.objc; path = AppDelegate.m; sourceTree = "<group>"; };
		1D6058910D05DD3D006BFB54 /* Peerrecovery App.app */ = {isa = PBXFileReference; explicitFileType = wrapper.application; includeInIndex = 0; path = "Peerrecovery App.app"; sourceTree = BUILT_PRODUCTS_DIR; };
		26A7B0DD99AE4293B3E044D2 /* FCMPluginIOS9Support.m */ = {isa = PBXFileReference; explicitFileType = undefined; fileEncoding = 4; includeInIndex = 0; lastKnownFileType = sourcecode.c.objc; name = FCMPluginIOS9Support.m; path = "cordova-plugin-fcm-with-dependecy-updated/FCMPluginIOS9Support.m"; sourceTree = "<group>"; };
		29B97316FDCFA39411CA2CEA /* main.m */ = {isa = PBXFileReference; fileEncoding = 4; lastKnownFileType = sourcecode.c.objc; path = main.m; sourceTree = "<group>"; };
		2CAD825275274586B589843B /* FCMPlugin.h */ = {isa = PBXFileReference; explicitFileType = undefined; fileEncoding = 4; includeInIndex = 0; lastKnownFileType = sourcecode.c.h; name = FCMPlugin.h; path = "cordova-plugin-fcm-with-dependecy-updated/FCMPlugin.h"; sourceTree = "<group>"; };
		2D1A226A32C24CDC9C20262B /* Security.framework */ = {isa = PBXFileReference; explicitFileType = undefined; fileEncoding = 9; includeInIndex = 0; lastKnownFileType = wrapper.framework; name = Security.framework; path = System/Library/Frameworks/Security.framework; sourceTree = SDKROOT; };
		2F06311FD1514D9288A05F5F /* CDVJpegHeaderWriter.h */ = {isa = PBXFileReference; explicitFileType = undefined; fileEncoding = 4; includeInIndex = 0; lastKnownFileType = sourcecode.c.h; name = CDVJpegHeaderWriter.h; path = "cordova-plugin-camera/CDVJpegHeaderWriter.h"; sourceTree = "<group>"; };
		301BF52D109A57CC0062928A /* CordovaLib.xcodeproj */ = {isa = PBXFileReference; lastKnownFileType = "wrapper.pb-project"; name = CordovaLib.xcodeproj; path = CordovaLib/CordovaLib.xcodeproj; sourceTree = "<group>"; };
		301BF56E109A69640062928A /* www */ = {isa = PBXFileReference; lastKnownFileType = folder; path = www; sourceTree = SOURCE_ROOT; };
		302D95EE14D2391D003F00A1 /* MainViewController.h */ = {isa = PBXFileReference; fileEncoding = 4; lastKnownFileType = sourcecode.c.h; path = MainViewController.h; sourceTree = "<group>"; };
		302D95EF14D2391D003F00A1 /* MainViewController.m */ = {isa = PBXFileReference; fileEncoding = 4; lastKnownFileType = sourcecode.c.objc; path = MainViewController.m; sourceTree = "<group>"; };
		302D95F014D2391D003F00A1 /* MainViewController.xib */ = {isa = PBXFileReference; fileEncoding = 4; lastKnownFileType = file.xib; path = MainViewController.xib; sourceTree = "<group>"; };
		3047A50F1AB8059700498E2A /* build-debug.xcconfig */ = {isa = PBXFileReference; fileEncoding = 4; lastKnownFileType = text.xcconfig; name = "build-debug.xcconfig"; path = "cordova/build-debug.xcconfig"; sourceTree = SOURCE_ROOT; };
		3047A5101AB8059700498E2A /* build-release.xcconfig */ = {isa = PBXFileReference; fileEncoding = 4; lastKnownFileType = text.xcconfig; name = "build-release.xcconfig"; path = "cordova/build-release.xcconfig"; sourceTree = SOURCE_ROOT; };
		3047A5111AB8059700498E2A /* build.xcconfig */ = {isa = PBXFileReference; fileEncoding = 4; lastKnownFileType = text.xcconfig; name = build.xcconfig; path = cordova/build.xcconfig; sourceTree = SOURCE_ROOT; };
		32CA4F630368D1EE00C91783 /* Peerrecovery App-Prefix.pch */ = {isa = PBXFileReference; fileEncoding = 4; lastKnownFileType = sourcecode.c.h; path = "Peerrecovery App-Prefix.pch"; sourceTree = "<group>"; };
		32F1DB6B20574CC28AFA5390 /* NativeGeocoder-Bridging-Header.h */ = {isa = PBXFileReference; explicitFileType = undefined; fileEncoding = 4; includeInIndex = 0; lastKnownFileType = sourcecode.c.h; name = "NativeGeocoder-Bridging-Header.h"; path = "cordova-plugin-nativegeocoder/NativeGeocoder-Bridging-Header.h"; sourceTree = "<group>"; };
		339667EBBD814FA98ADE592D /* CameraPreview.h */ = {isa = PBXFileReference; explicitFileType = undefined; fileEncoding = 4; includeInIndex = 0; lastKnownFileType = sourcecode.c.h; name = CameraPreview.h; path = "cordova-plugin-camera-preview/CameraPreview.h"; sourceTree = "<group>"; };
		345792B2F9C34EAF8D6FFE6E /* MobileRTCResources.bundle */ = {isa = PBXFileReference; explicitFileType = undefined; fileEncoding = 9; includeInIndex = 0; lastKnownFileType = "wrapper.plug-in"; path = MobileRTCResources.bundle; sourceTree = "<group>"; };
		3614A3EBE9E349AAA82E10ED /* GLKit.framework */ = {isa = PBXFileReference; explicitFileType = undefined; fileEncoding = 9; includeInIndex = 0; lastKnownFileType = wrapper.framework; name = GLKit.framework; path = System/Library/Frameworks/GLKit.framework; sourceTree = SDKROOT; };
		37769ED2D33247168EE22428 /* SystemConfiguration.framework */ = {isa = PBXFileReference; explicitFileType = undefined; fileEncoding = 9; includeInIndex = 0; lastKnownFileType = wrapper.framework; name = SystemConfiguration.framework; path = System/Library/Frameworks/SystemConfiguration.framework; sourceTree = SDKROOT; };
		39B4242422664137989338F3 /* FCMNotificationCenterDelegate.h */ = {isa = PBXFileReference; explicitFileType = undefined; fileEncoding = 4; includeInIndex = 0; lastKnownFileType = sourcecode.c.h; name = FCMNotificationCenterDelegate.h; path = "cordova-plugin-fcm-with-dependecy-updated/FCMNotificationCenterDelegate.h"; sourceTree = "<group>"; };
		3FF80CEBE9CA4520A8ABD361 /* CDVCamera.h */ = {isa = PBXFileReference; explicitFileType = undefined; fileEncoding = 4; includeInIndex = 0; lastKnownFileType = sourcecode.c.h; name = CDVCamera.h; path = "cordova-plugin-camera/CDVCamera.h"; sourceTree = "<group>"; };
		4235F8915DFC4145A91E65EE /* CDVIonicKeyboard.h */ = {isa = PBXFileReference; explicitFileType = undefined; fileEncoding = 4; includeInIndex = 0; lastKnownFileType = sourcecode.c.h; name = CDVIonicKeyboard.h; path = "cordova-plugin-ionic-keyboard/CDVIonicKeyboard.h"; sourceTree = "<group>"; };
		4908856EBAF84BF3BE5A4D67 /* libz.tbd */ = {isa = PBXFileReference; explicitFileType = undefined; fileEncoding = 9; includeInIndex = 0; lastKnownFileType = "sourcecode.text-based-dylib-definition"; name = libz.tbd; path = usr/lib/libz.tbd; sourceTree = SDKROOT; };
		4D6E23061F2F4C2B9F8C4F7D /* MobileRTC.framework */ = {isa = PBXFileReference; explicitFileType = undefined; fileEncoding = 9; includeInIndex = 0; lastKnownFileType = wrapper.framework; name = MobileRTC.framework; path = "Peerrecovery App/Plugins/cordova.plugin.zoom/MobileRTC.framework"; sourceTree = "<group>"; };
		526004D5D49B48C1B2BAAFCD /* AddressBook.framework */ = {isa = PBXFileReference; explicitFileType = undefined; fileEncoding = 9; includeInIndex = 0; lastKnownFileType = wrapper.framework; name = AddressBook.framework; path = System/Library/Frameworks/AddressBook.framework; sourceTree = SDKROOT; };
		57FBE977A2D74BBBBC7EB793 /* OpenGLES.framework */ = {isa = PBXFileReference; explicitFileType = undefined; fileEncoding = 9; includeInIndex = 0; lastKnownFileType = wrapper.framework; name = OpenGLES.framework; path = System/Library/Frameworks/OpenGLES.framework; sourceTree = SDKROOT; };
		5E062A1EB6099570078F8151 /* Pods-Peerrecovery App.debug.xcconfig */ = {isa = PBXFileReference; includeInIndex = 1; lastKnownFileType = text.xcconfig; name = "Pods-Peerrecovery App.debug.xcconfig"; path = "Target Support Files/Pods-Peerrecovery App/Pods-Peerrecovery App.debug.xcconfig"; sourceTree = "<group>"; };
		5E2CDCB0782E4DD6BABEB96F /* CDVIonicKeyboard.m */ = {isa = PBXFileReference; explicitFileType = undefined; fileEncoding = 4; includeInIndex = 0; lastKnownFileType = sourcecode.c.objc; name = CDVIonicKeyboard.m; path = "cordova-plugin-ionic-keyboard/CDVIonicKeyboard.m"; sourceTree = "<group>"; };
		604E2CD4756A4457AED087A3 /* CDVViewController+SplashScreen.h */ = {isa = PBXFileReference; explicitFileType = undefined; fileEncoding = 4; includeInIndex = 0; lastKnownFileType = sourcecode.c.h; name = "CDVViewController+SplashScreen.h"; path = "cordova-plugin-splashscreen/CDVViewController+SplashScreen.h"; sourceTree = "<group>"; };
		60B6B5068571442DBBB04940 /* GooglePlus.h */ = {isa = PBXFileReference; explicitFileType = undefined; fileEncoding = 4; includeInIndex = 0; lastKnownFileType = sourcecode.c.h; name = GooglePlus.h; path = "cordova-plugin-googleplus/GooglePlus.h"; sourceTree = "<group>"; };
		6693CFE017CF4FCE9CE00D8C /* FCMPluginIOS9Support.h */ = {isa = PBXFileReference; explicitFileType = undefined; fileEncoding = 4; includeInIndex = 0; lastKnownFileType = sourcecode.c.h; name = FCMPluginIOS9Support.h; path = "cordova-plugin-fcm-with-dependecy-updated/FCMPluginIOS9Support.h"; sourceTree = "<group>"; };
		6AFF5BF81D6E424B00AB3073 /* CDVLaunchScreen.storyboard */ = {isa = PBXFileReference; fileEncoding = 4; lastKnownFileType = file.storyboard; name = CDVLaunchScreen.storyboard; path = "Peerrecovery App/CDVLaunchScreen.storyboard"; sourceTree = SOURCE_ROOT; };
		6DEF30F065374CE4824E3E3E /* CameraPreview.m */ = {isa = PBXFileReference; explicitFileType = undefined; fileEncoding = 4; includeInIndex = 0; lastKnownFileType = sourcecode.c.objc; name = CameraPreview.m; path = "cordova-plugin-camera-preview/CameraPreview.m"; sourceTree = "<group>"; };
		6FCFADC018374D69AC1D153A /* FCMPlugin.m */ = {isa = PBXFileReference; explicitFileType = undefined; fileEncoding = 4; includeInIndex = 0; lastKnownFileType = sourcecode.c.objc; name = FCMPlugin.m; path = "cordova-plugin-fcm-with-dependecy-updated/FCMPlugin.m"; sourceTree = "<group>"; };
		758C402C59D446E8A8A3FAE9 /* GooglePlus.m */ = {isa = PBXFileReference; explicitFileType = undefined; fileEncoding = 4; includeInIndex = 0; lastKnownFileType = sourcecode.c.objc; name = GooglePlus.m; path = "cordova-plugin-googleplus/GooglePlus.m"; sourceTree = "<group>"; };
		770128417DD344B1885719AA /* MobileRTC.framework */ = {isa = PBXFileReference; explicitFileType = undefined; fileEncoding = 9; includeInIndex = 0; lastKnownFileType = wrapper.framework; name = MobileRTC.framework; path = System/Library/Frameworks/MobileRTC.framework; sourceTree = SDKROOT; };
		78303FD25B5C4FA0AE2C4983 /* CameraRenderController.m */ = {isa = PBXFileReference; explicitFileType = undefined; fileEncoding = 4; includeInIndex = 0; lastKnownFileType = sourcecode.c.objc; name = CameraRenderController.m; path = "cordova-plugin-camera-preview/CameraRenderController.m"; sourceTree = "<group>"; };
		7FB828F962E847049C18F93E /* CameraSessionManager.h */ = {isa = PBXFileReference; explicitFileType = undefined; fileEncoding = 4; includeInIndex = 0; lastKnownFileType = sourcecode.c.h; name = CameraSessionManager.h; path = "cordova-plugin-camera-preview/CameraSessionManager.h"; sourceTree = "<group>"; };
		83FA8649A3E74AAD9B4A75A7 /* UIImage+CropScaleOrientation.m */ = {isa = PBXFileReference; explicitFileType = undefined; fileEncoding = 4; includeInIndex = 0; lastKnownFileType = sourcecode.c.objc; name = "UIImage+CropScaleOrientation.m"; path = "cordova-plugin-camera/UIImage+CropScaleOrientation.m"; sourceTree = "<group>"; };
		893DF45F112346EA92F679A7 /* CoreLocation.framework */ = {isa = PBXFileReference; explicitFileType = undefined; fileEncoding = 9; includeInIndex = 0; lastKnownFileType = wrapper.framework; name = CoreLocation.framework; path = System/Library/Frameworks/CoreLocation.framework; sourceTree = SDKROOT; };
		8D1107310486CEB800E47090 /* Peerrecovery App-Info.plist */ = {isa = PBXFileReference; fileEncoding = 4; lastKnownFileType = text.plist.xml; name = "Peerrecovery App-Info.plist"; path = "Peerrecovery App/Peerrecovery App-Info.plist"; plistStructureDefinitionIdentifier = "com.apple.xcode.plist.structure-definition.iphone.info-plist"; sourceTree = SOURCE_ROOT; };
		8D171E2DC31C41E79E657FF3 /* IONAssetHandler.h */ = {isa = PBXFileReference; explicitFileType = undefined; fileEncoding = 4; includeInIndex = 0; lastKnownFileType = sourcecode.c.h; name = IONAssetHandler.h; path = "cordova-plugin-ionic-webview/IONAssetHandler.h"; sourceTree = "<group>"; };
		9450DF0479854879A8CD8E0D /* Zoom.h */ = {isa = PBXFileReference; explicitFileType = undefined; fileEncoding = 4; includeInIndex = 0; lastKnownFileType = sourcecode.c.h; name = Zoom.h; path = cordova.plugin.zoom/Zoom.h; sourceTree = "<group>"; };
		96D65BEFFE8D44F3A345D86A /* TemperatureAndTint.m */ = {isa = PBXFileReference; explicitFileType = undefined; fileEncoding = 4; includeInIndex = 0; lastKnownFileType = sourcecode.c.objc; name = TemperatureAndTint.m; path = "cordova-plugin-camera-preview/TemperatureAndTint.m"; sourceTree = "<group>"; };
		9727C5D173BF406EAD6C6AAD /* CDVDevice.h */ = {isa = PBXFileReference; explicitFileType = undefined; fileEncoding = 4; includeInIndex = 0; lastKnownFileType = sourcecode.c.h; name = CDVDevice.h; path = "cordova-plugin-device/CDVDevice.h"; sourceTree = "<group>"; };
		9F2BC9CAB6894D0E81555A87 /* CameraRenderController.h */ = {isa = PBXFileReference; explicitFileType = undefined; fileEncoding = 4; includeInIndex = 0; lastKnownFileType = sourcecode.c.h; name = CameraRenderController.h; path = "cordova-plugin-camera-preview/CameraRenderController.h"; sourceTree = "<group>"; };
		A2A7645DBFD74CB18CADE5B9 /* CDVDevice.m */ = {isa = PBXFileReference; explicitFileType = undefined; fileEncoding = 4; includeInIndex = 0; lastKnownFileType = sourcecode.c.objc; name = CDVDevice.m; path = "cordova-plugin-device/CDVDevice.m"; sourceTree = "<group>"; };
		A379A46FDB434F328C1BABA3 /* IONAssetHandler.m */ = {isa = PBXFileReference; explicitFileType = undefined; fileEncoding = 4; includeInIndex = 0; lastKnownFileType = sourcecode.c.objc; name = IONAssetHandler.m; path = "cordova-plugin-ionic-webview/IONAssetHandler.m"; sourceTree = "<group>"; };
		A54C9BE74BD91B1D0EABA457 /* Pods-Peerrecovery App.release.xcconfig */ = {isa = PBXFileReference; includeInIndex = 1; lastKnownFileType = text.xcconfig; name = "Pods-Peerrecovery App.release.xcconfig"; path = "Target Support Files/Pods-Peerrecovery App/Pods-Peerrecovery App.release.xcconfig"; sourceTree = "<group>"; };
		A64CD3BE13C44FE0BE4992A4 /* CDVViewController+SplashScreen.m */ = {isa = PBXFileReference; explicitFileType = undefined; fileEncoding = 4; includeInIndex = 0; lastKnownFileType = sourcecode.c.objc; name = "CDVViewController+SplashScreen.m"; path = "cordova-plugin-splashscreen/CDVViewController+SplashScreen.m"; sourceTree = "<group>"; };
		AB228703AEED47E890ECA20A /* CDVSplashScreen.h */ = {isa = PBXFileReference; explicitFileType = undefined; fileEncoding = 4; includeInIndex = 0; lastKnownFileType = sourcecode.c.h; name = CDVSplashScreen.h; path = "cordova-plugin-splashscreen/CDVSplashScreen.h"; sourceTree = "<group>"; };
		ABC98C85AE7D401EA01A9742 /* AppDelegate+FCMPlugin.m */ = {isa = PBXFileReference; explicitFileType = undefined; fileEncoding = 4; includeInIndex = 0; lastKnownFileType = sourcecode.c.objc; name = "AppDelegate+FCMPlugin.m"; path = "cordova-plugin-fcm-with-dependecy-updated/AppDelegate+FCMPlugin.m"; sourceTree = "<group>"; };
		B5639DF192AA43F9BC90D187 /* VideoCapturePlus.h */ = {isa = PBXFileReference; explicitFileType = undefined; fileEncoding = 4; includeInIndex = 0; lastKnownFileType = sourcecode.c.h; name = VideoCapturePlus.h; path = "nl.x-services.plugins.videocaptureplus/VideoCapturePlus.h"; sourceTree = "<group>"; };
		B5FE1B4CEAEE4984A4B8D222 /* QuartzCore.framework */ = {isa = PBXFileReference; explicitFileType = undefined; fileEncoding = 9; includeInIndex = 0; lastKnownFileType = wrapper.framework; name = QuartzCore.framework; path = System/Library/Frameworks/QuartzCore.framework; sourceTree = SDKROOT; };
		B84621C9837A486A98959A8F /* CDVWKWebViewUIDelegate.h */ = {isa = PBXFileReference; explicitFileType = undefined; fileEncoding = 4; includeInIndex = 0; lastKnownFileType = sourcecode.c.h; name = CDVWKWebViewUIDelegate.h; path = "cordova-plugin-ionic-webview/CDVWKWebViewUIDelegate.h"; sourceTree = "<group>"; };
		BC25F14B61C84D969AAD6D40 /* CDVLocation.m */ = {isa = PBXFileReference; explicitFileType = undefined; fileEncoding = 4; includeInIndex = 0; lastKnownFileType = sourcecode.c.objc; name = CDVLocation.m; path = "cordova-plugin-geolocation/CDVLocation.m"; sourceTree = "<group>"; };
		BC3F93488E834E93BF8BEB6C /* VideoCapturePlus.m */ = {isa = PBXFileReference; explicitFileType = undefined; fileEncoding = 4; includeInIndex = 0; lastKnownFileType = sourcecode.c.objc; name = VideoCapturePlus.m; path = "nl.x-services.plugins.videocaptureplus/VideoCapturePlus.m"; sourceTree = "<group>"; };
		BC9CC50D154A414E9B7F79E0 /* CDVWKProcessPoolFactory.h */ = {isa = PBXFileReference; explicitFileType = undefined; fileEncoding = 4; includeInIndex = 0; lastKnownFileType = sourcecode.c.h; name = CDVWKProcessPoolFactory.h; path = "cordova-plugin-ionic-webview/CDVWKProcessPoolFactory.h"; sourceTree = "<group>"; };
		C157228698CC493596B94F21 /* CDVWKWebViewUIDelegate.m */ = {isa = PBXFileReference; explicitFileType = undefined; fileEncoding = 4; includeInIndex = 0; lastKnownFileType = sourcecode.c.objc; name = CDVWKWebViewUIDelegate.m; path = "cordova-plugin-ionic-webview/CDVWKWebViewUIDelegate.m"; sourceTree = "<group>"; };
		C19D32EA1F204720A85A4D63 /* AVFoundation.framework */ = {isa = PBXFileReference; explicitFileType = undefined; fileEncoding = 9; includeInIndex = 0; lastKnownFileType = wrapper.framework; name = AVFoundation.framework; path = System/Library/Frameworks/AVFoundation.framework; sourceTree = SDKROOT; };
		C3185E59F6634D5381685318 /* CDVExif.h */ = {isa = PBXFileReference; explicitFileType = undefined; fileEncoding = 4; includeInIndex = 0; lastKnownFileType = sourcecode.c.h; name = CDVExif.h; path = "cordova-plugin-camera/CDVExif.h"; sourceTree = "<group>"; };
		C4A0322A1A134C9B914423B7 /* Zoom.m */ = {isa = PBXFileReference; explicitFileType = undefined; fileEncoding = 4; includeInIndex = 0; lastKnownFileType = sourcecode.c.objc; name = Zoom.m; path = cordova.plugin.zoom/Zoom.m; sourceTree = "<group>"; };
		C8340C9FB38948C095572A51 /* GoogleService-Info.plist */ = {isa = PBXFileReference; explicitFileType = undefined; fileEncoding = 4; includeInIndex = 0; lastKnownFileType = text.plist.xml; name = "GoogleService-Info.plist"; path = "Resources/GoogleService-Info.plist"; sourceTree = "<group>"; };
		CD4828FAB43E4A5594839DF1 /* ImageIO.framework */ = {isa = PBXFileReference; explicitFileType = undefined; fileEncoding = 9; includeInIndex = 0; lastKnownFileType = wrapper.framework; name = ImageIO.framework; path = System/Library/Frameworks/ImageIO.framework; sourceTree = SDKROOT; };
		CE427825B086479689C2A4DE /* CDVWKWebViewEngine.h */ = {isa = PBXFileReference; explicitFileType = undefined; fileEncoding = 4; includeInIndex = 0; lastKnownFileType = sourcecode.c.h; name = CDVWKWebViewEngine.h; path = "cordova-plugin-ionic-webview/CDVWKWebViewEngine.h"; sourceTree = "<group>"; };
		DE2B68C5BD3C41F583E83A24 /* CoreVideo.framework */ = {isa = PBXFileReference; explicitFileType = undefined; fileEncoding = 9; includeInIndex = 0; lastKnownFileType = wrapper.framework; name = CoreVideo.framework; path = System/Library/Frameworks/CoreVideo.framework; sourceTree = SDKROOT; };
		E4C643E8EE8748429686E379 /* WebKit.framework */ = {isa = PBXFileReference; explicitFileType = undefined; fileEncoding = 9; includeInIndex = 0; lastKnownFileType = wrapper.framework; name = WebKit.framework; path = System/Library/Frameworks/WebKit.framework; sourceTree = SDKROOT; };
		E697653FED9A45F98EBBEFA8 /* UIImage+CropScaleOrientation.h */ = {isa = PBXFileReference; explicitFileType = undefined; fileEncoding = 4; includeInIndex = 0; lastKnownFileType = sourcecode.c.h; name = "UIImage+CropScaleOrientation.h"; path = "cordova-plugin-camera/UIImage+CropScaleOrientation.h"; sourceTree = "<group>"; };
		E7798738C88E4693B5DB4B5E /* FCMNotificationCenterDelegate.m */ = {isa = PBXFileReference; explicitFileType = undefined; fileEncoding = 4; includeInIndex = 0; lastKnownFileType = sourcecode.c.objc; name = FCMNotificationCenterDelegate.m; path = "cordova-plugin-fcm-with-dependecy-updated/FCMNotificationCenterDelegate.m"; sourceTree = "<group>"; };
		E8E5F640BD2649958C130315 /* CDVLocation.h */ = {isa = PBXFileReference; explicitFileType = undefined; fileEncoding = 4; includeInIndex = 0; lastKnownFileType = sourcecode.c.h; name = CDVLocation.h; path = "cordova-plugin-geolocation/CDVLocation.h"; sourceTree = "<group>"; };
		E9D906B117BD41D6A8403189 /* SafariServices.framework */ = {isa = PBXFileReference; explicitFileType = undefined; fileEncoding = 9; includeInIndex = 0; lastKnownFileType = wrapper.framework; name = SafariServices.framework; path = System/Library/Frameworks/SafariServices.framework; sourceTree = SDKROOT; };
		EB87FDF31871DA8E0020F90C /* www */ = {isa = PBXFileReference; lastKnownFileType = folder; name = www; path = ../../www; sourceTree = "<group>"; };
		EB87FDF41871DAF40020F90C /* config.xml */ = {isa = PBXFileReference; lastKnownFileType = text.xml; name = config.xml; path = ../../config.xml; sourceTree = "<group>"; };
		ED33DF2A687741AEAF9F8254 /* Bridging-Header.h */ = {isa = PBXFileReference; fileEncoding = 4; lastKnownFileType = sourcecode.c.h; path = "Bridging-Header.h"; sourceTree = "<group>"; };
		EEC971AE15254B9A9FB621A8 /* CDVSplashScreen.m */ = {isa = PBXFileReference; explicitFileType = undefined; fileEncoding = 4; includeInIndex = 0; lastKnownFileType = sourcecode.c.objc; name = CDVSplashScreen.m; path = "cordova-plugin-splashscreen/CDVSplashScreen.m"; sourceTree = "<group>"; };
		F3F2A1509D7141C5BF5CA5D3 /* CDVJpegHeaderWriter.m */ = {isa = PBXFileReference; explicitFileType = undefined; fileEncoding = 4; includeInIndex = 0; lastKnownFileType = sourcecode.c.objc; name = CDVJpegHeaderWriter.m; path = "cordova-plugin-camera/CDVJpegHeaderWriter.m"; sourceTree = "<group>"; };
		F840E1F0165FE0F500CFE078 /* config.xml */ = {isa = PBXFileReference; lastKnownFileType = text.xml; name = config.xml; path = "Peerrecovery App/config.xml"; sourceTree = "<group>"; };
/* End PBXFileReference section */

/* Begin PBXFrameworksBuildPhase section */
		1D60588F0D05DD3D006BFB54 /* Frameworks */ = {
			isa = PBXFrameworksBuildPhase;
			buildActionMask = 2147483647;
			files = (
				301BF552109A68D80062928A /* libCordova.a in Frameworks */,
				8297068730364C10A44AE55B /* ImageIO.framework in Frameworks */,
				9358D0D598FA461F8E66DF18 /* CoreLocation.framework in Frameworks */,
				873F848AD808421F9817AAF7 /* AVFoundation.framework in Frameworks */,
				A0B71442960A493FBA0E045E /* CoreImage.framework in Frameworks */,
				D52289F5E81F4D3C9B37E999 /* OpenGLES.framework in Frameworks */,
				0423960C27D948C4B427C8D1 /* GLKit.framework in Frameworks */,
				14436808972744E18EA8CC22 /* CoreVideo.framework in Frameworks */,
				484E1C622A5E4AB1A28A2D6C /* QuartzCore.framework in Frameworks */,
				220BFB0129164D3C8E2B48EF /* AddressBook.framework in Frameworks */,
				824DA9D862C147A3AD546924 /* CoreText.framework in Frameworks */,
				7F6BE2603C4F4FCFA0FA8809 /* SafariServices.framework in Frameworks */,
				41AFBC8D727743409DC73E85 /* Security.framework in Frameworks */,
				500E9034636A420EB19C67C2 /* SystemConfiguration.framework in Frameworks */,
				C7C20DF12D584DF4A6F41864 /* libz.tbd in Frameworks */,
				FB5B27B6D5544EB18B0D687C /* libz.dylib in Frameworks */,
				B55DE333513F0D1089D1F48C /* Pods_Peerrecovery_App.framework in Frameworks */,
				D9ACC09993AD4F95AD542553 /* WebKit.framework in Frameworks */,
				38C8CCD6EF3E4E15B3AD70E7 /* MobileRTC.framework in Frameworks */,
			);
			runOnlyForDeploymentPostprocessing = 0;
		};
/* End PBXFrameworksBuildPhase section */

/* Begin PBXGroup section */
		080E96DDFE201D6D7F000001 /* Classes */ = {
			isa = PBXGroup;
			children = (
				302D95EE14D2391D003F00A1 /* MainViewController.h */,
				302D95EF14D2391D003F00A1 /* MainViewController.m */,
				302D95F014D2391D003F00A1 /* MainViewController.xib */,
				1D3623240D0F684500981E51 /* AppDelegate.h */,
				1D3623250D0F684500981E51 /* AppDelegate.m */,
			);
			name = Classes;
			path = "Peerrecovery App/Classes";
			sourceTree = SOURCE_ROOT;
		};
		19C28FACFE9D520D11CA2CBB /* Products */ = {
			isa = PBXGroup;
			children = (
				1D6058910D05DD3D006BFB54 /* Peerrecovery App.app */,
			);
			name = Products;
			sourceTree = "<group>";
		};
		29B97314FDCFA39411CA2CEA /* CustomTemplate */ = {
			isa = PBXGroup;
			children = (
				EB87FDF41871DAF40020F90C /* config.xml */,
				EB87FDF31871DA8E0020F90C /* www */,
				EB87FDF11871DA420020F90C /* Staging */,
				301BF52D109A57CC0062928A /* CordovaLib.xcodeproj */,
				080E96DDFE201D6D7F000001 /* Classes */,
				307C750510C5A3420062BCA9 /* Plugins */,
				29B97315FDCFA39411CA2CEA /* Other Sources */,
				29B97317FDCFA39411CA2CEA /* Resources */,
				29B97323FDCFA39411CA2CEA /* Frameworks */,
				19C28FACFE9D520D11CA2CBB /* Products */,
				42B21E4B1D3FEE76F816E975 /* Pods */,
			);
			name = CustomTemplate;
			sourceTree = "<group>";
		};
		29B97315FDCFA39411CA2CEA /* Other Sources */ = {
			isa = PBXGroup;
			children = (
				32CA4F630368D1EE00C91783 /* Peerrecovery App-Prefix.pch */,
				29B97316FDCFA39411CA2CEA /* main.m */,
				ED33DF2A687741AEAF9F8254 /* Bridging-Header.h */,
			);
			name = "Other Sources";
			path = "Peerrecovery App";
			sourceTree = "<group>";
		};
		29B97317FDCFA39411CA2CEA /* Resources */ = {
			isa = PBXGroup;
			children = (
				0207DA571B56EA530066E2B4 /* Images.xcassets */,
				3047A50E1AB8057F00498E2A /* config */,
				8D1107310486CEB800E47090 /* Peerrecovery App-Info.plist */,
				6AFF5BF81D6E424B00AB3073 /* CDVLaunchScreen.storyboard */,
				345792B2F9C34EAF8D6FFE6E /* MobileRTCResources.bundle */,
				C8340C9FB38948C095572A51 /* GoogleService-Info.plist */,
			);
			name = Resources;
			path = "Peerrecovery App/Resources";
			sourceTree = "<group>";
		};
		29B97323FDCFA39411CA2CEA /* Frameworks */ = {
			isa = PBXGroup;
			children = (
				CD4828FAB43E4A5594839DF1 /* ImageIO.framework */,
				893DF45F112346EA92F679A7 /* CoreLocation.framework */,
				C19D32EA1F204720A85A4D63 /* AVFoundation.framework */,
				1497597441B74BCF96184BC0 /* CoreImage.framework */,
				57FBE977A2D74BBBBC7EB793 /* OpenGLES.framework */,
				3614A3EBE9E349AAA82E10ED /* GLKit.framework */,
				DE2B68C5BD3C41F583E83A24 /* CoreVideo.framework */,
				B5FE1B4CEAEE4984A4B8D222 /* QuartzCore.framework */,
				526004D5D49B48C1B2BAAFCD /* AddressBook.framework */,
				007D4D5E65E84EDEAD36801C /* CoreText.framework */,
				E9D906B117BD41D6A8403189 /* SafariServices.framework */,
				2D1A226A32C24CDC9C20262B /* Security.framework */,
				37769ED2D33247168EE22428 /* SystemConfiguration.framework */,
				4908856EBAF84BF3BE5A4D67 /* libz.tbd */,
				06BD90A7166C4A5DBDA6BCBE /* libz.dylib */,
				002E0B81795473BE4B46EFF0 /* Pods_Peerrecovery_App.framework */,
				E4C643E8EE8748429686E379 /* WebKit.framework */,
				770128417DD344B1885719AA /* MobileRTC.framework */,
				4D6E23061F2F4C2B9F8C4F7D /* MobileRTC.framework */,
			);
			name = Frameworks;
			sourceTree = "<group>";
		};
		301BF52E109A57CC0062928A /* Products */ = {
			isa = PBXGroup;
			children = (
				301BF535109A57CC0062928A /* libCordova.a */,
				907D8124214C687600058A10 /* Cordova.framework */,
			);
			name = Products;
			sourceTree = "<group>";
		};
		3047A50E1AB8057F00498E2A /* config */ = {
			isa = PBXGroup;
			children = (
				3047A50F1AB8059700498E2A /* build-debug.xcconfig */,
				3047A5101AB8059700498E2A /* build-release.xcconfig */,
				3047A5111AB8059700498E2A /* build.xcconfig */,
			);
			name = config;
			sourceTree = "<group>";
		};
		307C750510C5A3420062BCA9 /* Plugins */ = {
			isa = PBXGroup;
			children = (
				83FA8649A3E74AAD9B4A75A7 /* UIImage+CropScaleOrientation.m */,
				0537497D337E4AC8A8CE70CD /* CDVCamera.m */,
				F3F2A1509D7141C5BF5CA5D3 /* CDVJpegHeaderWriter.m */,
				E697653FED9A45F98EBBEFA8 /* UIImage+CropScaleOrientation.h */,
				3FF80CEBE9CA4520A8ABD361 /* CDVCamera.h */,
				2F06311FD1514D9288A05F5F /* CDVJpegHeaderWriter.h */,
				C3185E59F6634D5381685318 /* CDVExif.h */,
				6DEF30F065374CE4824E3E3E /* CameraPreview.m */,
				96D65BEFFE8D44F3A345D86A /* TemperatureAndTint.m */,
				1BE947C37EC44C44AAD072EC /* CameraSessionManager.m */,
				78303FD25B5C4FA0AE2C4983 /* CameraRenderController.m */,
				339667EBBD814FA98ADE592D /* CameraPreview.h */,
				11241125B2364AC998E987B1 /* TemperatureAndTint.h */,
				7FB828F962E847049C18F93E /* CameraSessionManager.h */,
				9F2BC9CAB6894D0E81555A87 /* CameraRenderController.h */,
				A2A7645DBFD74CB18CADE5B9 /* CDVDevice.m */,
				9727C5D173BF406EAD6C6AAD /* CDVDevice.h */,
				BC25F14B61C84D969AAD6D40 /* CDVLocation.m */,
				E8E5F640BD2649958C130315 /* CDVLocation.h */,
				758C402C59D446E8A8A3FAE9 /* GooglePlus.m */,
				60B6B5068571442DBBB04940 /* GooglePlus.h */,
				5E2CDCB0782E4DD6BABEB96F /* CDVIonicKeyboard.m */,
				4235F8915DFC4145A91E65EE /* CDVIonicKeyboard.h */,
				1BB5AD60714F407F9B01A170 /* CDVWKWebViewEngine.m */,
				C157228698CC493596B94F21 /* CDVWKWebViewUIDelegate.m */,
				022B232C16CB440BAD8399D1 /* CDVWKProcessPoolFactory.m */,
				A379A46FDB434F328C1BABA3 /* IONAssetHandler.m */,
				CE427825B086479689C2A4DE /* CDVWKWebViewEngine.h */,
				B84621C9837A486A98959A8F /* CDVWKWebViewUIDelegate.h */,
				BC9CC50D154A414E9B7F79E0 /* CDVWKProcessPoolFactory.h */,
				8D171E2DC31C41E79E657FF3 /* IONAssetHandler.h */,
				057AC432033E4F2A93EB3CCB /* NativeGeocoder.swift */,
				32F1DB6B20574CC28AFA5390 /* NativeGeocoder-Bridging-Header.h */,
				EEC971AE15254B9A9FB621A8 /* CDVSplashScreen.m */,
				A64CD3BE13C44FE0BE4992A4 /* CDVViewController+SplashScreen.m */,
				AB228703AEED47E890ECA20A /* CDVSplashScreen.h */,
				604E2CD4756A4457AED087A3 /* CDVViewController+SplashScreen.h */,
				15706EBB5A38487C888EBC45 /* CDVStatusBar.m */,
				16E623DC7028463C87643C99 /* CDVStatusBar.h */,
				BC3F93488E834E93BF8BEB6C /* VideoCapturePlus.m */,
				B5639DF192AA43F9BC90D187 /* VideoCapturePlus.h */,
				C4A0322A1A134C9B914423B7 /* Zoom.m */,
				9450DF0479854879A8CD8E0D /* Zoom.h */,
				6FCFADC018374D69AC1D153A /* FCMPlugin.m */,
				ABC98C85AE7D401EA01A9742 /* AppDelegate+FCMPlugin.m */,
				26A7B0DD99AE4293B3E044D2 /* FCMPluginIOS9Support.m */,
				E7798738C88E4693B5DB4B5E /* FCMNotificationCenterDelegate.m */,
				2CAD825275274586B589843B /* FCMPlugin.h */,
				15DEC2EDC0AA4985BE8ACF8D /* AppDelegate+FCMPlugin.h */,
				6693CFE017CF4FCE9CE00D8C /* FCMPluginIOS9Support.h */,
				39B4242422664137989338F3 /* FCMNotificationCenterDelegate.h */,
			);
			name = Plugins;
			path = "Peerrecovery App/Plugins";
			sourceTree = SOURCE_ROOT;
		};
		42B21E4B1D3FEE76F816E975 /* Pods */ = {
			isa = PBXGroup;
			children = (
				5E062A1EB6099570078F8151 /* Pods-Peerrecovery App.debug.xcconfig */,
				A54C9BE74BD91B1D0EABA457 /* Pods-Peerrecovery App.release.xcconfig */,
			);
			path = Pods;
			sourceTree = "<group>";
		};
		EB87FDF11871DA420020F90C /* Staging */ = {
			isa = PBXGroup;
			children = (
				F840E1F0165FE0F500CFE078 /* config.xml */,
				301BF56E109A69640062928A /* www */,
			);
			name = Staging;
			sourceTree = "<group>";
		};
/* End PBXGroup section */

/* Begin PBXNativeTarget section */
		1D6058900D05DD3D006BFB54 /* Peerrecovery App */ = {
			isa = PBXNativeTarget;
			buildConfigurationList = 1D6058960D05DD3E006BFB54 /* Build configuration list for PBXNativeTarget "Peerrecovery App" */;
			buildPhases = (
				642D1D3CF5AE84A0C15A496D /* [CP] Check Pods Manifest.lock */,
				304B58A110DAC018002A0835 /* Copy www directory */,
				1D60588D0D05DD3D006BFB54 /* Resources */,
				1D60588E0D05DD3D006BFB54 /* Sources */,
				1D60588F0D05DD3D006BFB54 /* Frameworks */,
				BCD65D568AD742E5C64BFD05 /* [CP] Embed Pods Frameworks */,
				3A666AE86C42174150E899FD /* [CP] Copy Pods Resources */,
				B828FA9057B44329A785E5F6 /* Embed Frameworks */,
			);
			buildRules = (
			);
			dependencies = (
				301BF551109A68C00062928A /* PBXTargetDependency */,
			);
			name = "Peerrecovery App";
			productName = "Peerrecovery App";
			productReference = 1D6058910D05DD3D006BFB54 /* Peerrecovery App.app */;
			productType = "com.apple.product-type.application";
		};
/* End PBXNativeTarget section */

/* Begin PBXProject section */
		29B97313FDCFA39411CA2CEA /* Project object */ = {
			isa = PBXProject;
			attributes = {
				LastUpgradeCheck = 1130;
				TargetAttributes = {
					1D6058900D05DD3D006BFB54 = {
						ProvisioningStyle = Automatic;
					};
				};
			};
			buildConfigurationList = C01FCF4E08A954540054247B /* Build configuration list for PBXProject "Peerrecovery App" */;
			compatibilityVersion = "Xcode 11.0";
			developmentRegion = en;
			hasScannedForEncodings = 1;
			knownRegions = (
				en,
				Base,
			);
			mainGroup = 29B97314FDCFA39411CA2CEA /* CustomTemplate */;
			productRefGroup = 19C28FACFE9D520D11CA2CBB /* Products */;
			projectDirPath = "";
			projectReferences = (
				{
					ProductGroup = 301BF52E109A57CC0062928A /* Products */;
					ProjectRef = 301BF52D109A57CC0062928A /* CordovaLib.xcodeproj */;
				},
			);
			projectRoot = "";
			targets = (
				1D6058900D05DD3D006BFB54 /* Peerrecovery App */,
			);
		};
/* End PBXProject section */

/* Begin PBXReferenceProxy section */
		301BF535109A57CC0062928A /* libCordova.a */ = {
			isa = PBXReferenceProxy;
			fileType = archive.ar;
			path = libCordova.a;
			remoteRef = 301BF534109A57CC0062928A /* PBXContainerItemProxy */;
			sourceTree = BUILT_PRODUCTS_DIR;
		};
		907D8124214C687600058A10 /* Cordova.framework */ = {
			isa = PBXReferenceProxy;
			fileType = wrapper.framework;
			path = Cordova.framework;
			remoteRef = 907D8123214C687600058A10 /* PBXContainerItemProxy */;
			sourceTree = BUILT_PRODUCTS_DIR;
		};
/* End PBXReferenceProxy section */

/* Begin PBXResourcesBuildPhase section */
		1D60588D0D05DD3D006BFB54 /* Resources */ = {
			isa = PBXResourcesBuildPhase;
			buildActionMask = 2147483647;
			files = (
				302D95F214D2391D003F00A1 /* MainViewController.xib in Resources */,
				0207DA581B56EA530066E2B4 /* Images.xcassets in Resources */,
				6AFF5BF91D6E424B00AB3073 /* CDVLaunchScreen.storyboard in Resources */,
				B99E067AA5C948A2AA97E12F /* MobileRTCResources.bundle in Resources */,
				655B5B55656448E4A0997E69 /* GoogleService-Info.plist in Resources */,
			);
			runOnlyForDeploymentPostprocessing = 0;
		};
/* End PBXResourcesBuildPhase section */

/* Begin PBXShellScriptBuildPhase section */
		304B58A110DAC018002A0835 /* Copy www directory */ = {
			isa = PBXShellScriptBuildPhase;
			buildActionMask = 2147483647;
			files = (
			);
			inputPaths = (
			);
			name = "Copy www directory";
			outputPaths = (
			);
			runOnlyForDeploymentPostprocessing = 0;
			shellPath = /bin/sh;
			shellScript = "\"$SRCROOT/Peerrecovery App/Scripts/copy-www-build-step.sh\"";
			showEnvVarsInLog = 0;
		};
		3A666AE86C42174150E899FD /* [CP] Copy Pods Resources */ = {
			isa = PBXShellScriptBuildPhase;
			buildActionMask = 2147483647;
			files = (
			);
			inputFileListPaths = (
				"${PODS_ROOT}/Target Support Files/Pods-Peerrecovery App/Pods-Peerrecovery App-resources-${CONFIGURATION}-input-files.xcfilelist",
			);
			name = "[CP] Copy Pods Resources";
			outputFileListPaths = (
				"${PODS_ROOT}/Target Support Files/Pods-Peerrecovery App/Pods-Peerrecovery App-resources-${CONFIGURATION}-output-files.xcfilelist",
			);
			runOnlyForDeploymentPostprocessing = 0;
			shellPath = /bin/sh;
			shellScript = "\"${PODS_ROOT}/Target Support Files/Pods-Peerrecovery App/Pods-Peerrecovery App-resources.sh\"\n";
			showEnvVarsInLog = 0;
		};
		642D1D3CF5AE84A0C15A496D /* [CP] Check Pods Manifest.lock */ = {
			isa = PBXShellScriptBuildPhase;
			buildActionMask = 2147483647;
			files = (
			);
			inputFileListPaths = (
			);
			inputPaths = (
				"${PODS_PODFILE_DIR_PATH}/Podfile.lock",
				"${PODS_ROOT}/Manifest.lock",
			);
			name = "[CP] Check Pods Manifest.lock";
			outputFileListPaths = (
			);
			outputPaths = (
				"$(DERIVED_FILE_DIR)/Pods-Peerrecovery App-checkManifestLockResult.txt",
			);
			runOnlyForDeploymentPostprocessing = 0;
			shellPath = /bin/sh;
			shellScript = "diff \"${PODS_PODFILE_DIR_PATH}/Podfile.lock\" \"${PODS_ROOT}/Manifest.lock\" > /dev/null\nif [ $? != 0 ] ; then\n    # print error to STDERR\n    echo \"error: The sandbox is not in sync with the Podfile.lock. Run 'pod install' or update your CocoaPods installation.\" >&2\n    exit 1\nfi\n# This output is used by Xcode 'outputs' to avoid re-running this script phase.\necho \"SUCCESS\" > \"${SCRIPT_OUTPUT_FILE_0}\"\n";
			showEnvVarsInLog = 0;
		};
		BCD65D568AD742E5C64BFD05 /* [CP] Embed Pods Frameworks */ = {
			isa = PBXShellScriptBuildPhase;
			buildActionMask = 2147483647;
			files = (
			);
			inputFileListPaths = (
				"${PODS_ROOT}/Target Support Files/Pods-Peerrecovery App/Pods-Peerrecovery App-frameworks-${CONFIGURATION}-input-files.xcfilelist",
			);
			name = "[CP] Embed Pods Frameworks";
			outputFileListPaths = (
				"${PODS_ROOT}/Target Support Files/Pods-Peerrecovery App/Pods-Peerrecovery App-frameworks-${CONFIGURATION}-output-files.xcfilelist",
			);
			runOnlyForDeploymentPostprocessing = 0;
			shellPath = /bin/sh;
			shellScript = "\"${PODS_ROOT}/Target Support Files/Pods-Peerrecovery App/Pods-Peerrecovery App-frameworks.sh\"\n";
			showEnvVarsInLog = 0;
		};
/* End PBXShellScriptBuildPhase section */

/* Begin PBXSourcesBuildPhase section */
		1D60588E0D05DD3D006BFB54 /* Sources */ = {
			isa = PBXSourcesBuildPhase;
			buildActionMask = 2147483647;
			files = (
				1D60589B0D05DD56006BFB54 /* main.m in Sources */,
				1D3623260D0F684500981E51 /* AppDelegate.m in Sources */,
				302D95F114D2391D003F00A1 /* MainViewController.m in Sources */,
				EAA312DF02864EA58ADD76BB /* UIImage+CropScaleOrientation.m in Sources */,
				1A8536268D60473AABDBBCB7 /* CDVCamera.m in Sources */,
				CDBF81F1BBA346E4A052C9A8 /* CDVJpegHeaderWriter.m in Sources */,
				D36BC6909AEA4F028541CCAB /* CameraPreview.m in Sources */,
				078758958BB84BDD8F11CBDA /* TemperatureAndTint.m in Sources */,
				7CA6481B075C46AB91673F0B /* CameraSessionManager.m in Sources */,
				A65149962F86476E8F8FD5C9 /* CameraRenderController.m in Sources */,
				FB5661BB25BA44DAAA754B14 /* CDVDevice.m in Sources */,
				DB1AAE2DFCAC448BB93AF5BA /* CDVLocation.m in Sources */,
				AC6B3D2A620F4CF79ED7D3A9 /* GooglePlus.m in Sources */,
				C304EC5BDD894EEA9C9047FE /* CDVIonicKeyboard.m in Sources */,
				442F8EA55FB9449B80305057 /* CDVWKWebViewEngine.m in Sources */,
				A07E19D542B940B3A8D221F5 /* CDVWKWebViewUIDelegate.m in Sources */,
				EB0EA2B79C8E496283F79775 /* CDVWKProcessPoolFactory.m in Sources */,
				73E3C985E32140D8A4593324 /* IONAssetHandler.m in Sources */,
				1134A7E7D5CF49FDB63EBCA7 /* NativeGeocoder.swift in Sources */,
				6542371C1ABF4665BE01D38D /* CDVSplashScreen.m in Sources */,
				D392D41A8A4F45A385382F0B /* CDVViewController+SplashScreen.m in Sources */,
				36772E6D7D844B5F8DAABAFD /* CDVStatusBar.m in Sources */,
				F690B4CAF40E4FC4BB2BE6E8 /* VideoCapturePlus.m in Sources */,
				90018BFB38FD4A719CDB8491 /* Zoom.m in Sources */,
				C4BEC208254D4346A024C464 /* FCMPlugin.m in Sources */,
				244156E7078546E892F94B27 /* AppDelegate+FCMPlugin.m in Sources */,
				E3E91C2087794D13AF83D3FC /* FCMPluginIOS9Support.m in Sources */,
				4E32C0C1FAC442F885981158 /* FCMNotificationCenterDelegate.m in Sources */,
			);
			runOnlyForDeploymentPostprocessing = 0;
		};
/* End PBXSourcesBuildPhase section */

/* Begin PBXTargetDependency section */
		301BF551109A68C00062928A /* PBXTargetDependency */ = {
			isa = PBXTargetDependency;
			name = CordovaLib;
			targetProxy = 301BF550109A68C00062928A /* PBXContainerItemProxy */;
		};
/* End PBXTargetDependency section */

/* Begin XCBuildConfiguration section */
		1D6058940D05DD3E006BFB54 /* Debug */ = {
			isa = XCBuildConfiguration;
			baseConfigurationReference = 3047A50F1AB8059700498E2A /* build-debug.xcconfig */;
			buildSettings = {
				ALWAYS_EMBED_SWIFT_STANDARD_LIBRARIES = YES;
				ALWAYS_SEARCH_USER_PATHS = NO;
				ASSETCATALOG_COMPILER_APPICON_NAME = AppIcon;
				CLANG_ENABLE_MODULES = YES;
				CLANG_ENABLE_OBJC_ARC = YES;
				COPY_PHASE_STRIP = NO;
				DEVELOPMENT_TEAM = 969Y8ABL9W;
				FRAMEWORK_SEARCH_PATHS = (
					"$(inherited)",
					"\"Peerrecovery App/Plugins/cordova.plugin.zoom\"",
				);
				GCC_DYNAMIC_NO_PIC = NO;
				GCC_OPTIMIZATION_LEVEL = 0;
				GCC_PRECOMPILE_PREFIX_HEADER = YES;
				GCC_PREFIX_HEADER = "Peerrecovery App/Peerrecovery App-Prefix.pch";
				GCC_THUMB_SUPPORT = NO;
				GCC_VERSION = "";
				INFOPLIST_FILE = "Peerrecovery App/Peerrecovery App-Info.plist";
				IPHONEOS_DEPLOYMENT_TARGET = 11.0;
				LD_RUNPATH_SEARCH_PATHS = "@executable_path/Frameworks";
				LIBRARY_SEARCH_PATHS = (
					"$(inherited)",
					"\"$(SRCROOT)/$(TARGET_NAME)/Plugins/cordova.plugin.zoom/lib\"",
				);
				PRODUCT_BUNDLE_IDENTIFIER = com.peerrecovery.peer;
				PRODUCT_NAME = "$(TARGET_NAME)";
				SWIFT_OBJC_BRIDGING_HEADER = "$(PROJECT_DIR)/$(PROJECT_NAME)/Bridging-Header.h";
				SWIFT_OPTIMIZATION_LEVEL = "-Onone";
				SWIFT_VERSION = 4.0;
				TARGETED_DEVICE_FAMILY = "1,2";
				VALIDATE_WORKSPACE = NO;
			};
			name = Debug;
		};
		1D6058950D05DD3E006BFB54 /* Release */ = {
			isa = XCBuildConfiguration;
			baseConfigurationReference = 3047A5101AB8059700498E2A /* build-release.xcconfig */;
			buildSettings = {
				ALWAYS_EMBED_SWIFT_STANDARD_LIBRARIES = YES;
				ALWAYS_SEARCH_USER_PATHS = NO;
				ASSETCATALOG_COMPILER_APPICON_NAME = AppIcon;
				CLANG_ENABLE_MODULES = YES;
				CLANG_ENABLE_OBJC_ARC = YES;
				COPY_PHASE_STRIP = YES;
				FRAMEWORK_SEARCH_PATHS = (
					"$(inherited)",
					"\"Peerrecovery App/Plugins/cordova.plugin.zoom\"",
				);
				GCC_PRECOMPILE_PREFIX_HEADER = YES;
				GCC_PREFIX_HEADER = "Peerrecovery App/Peerrecovery App-Prefix.pch";
				GCC_THUMB_SUPPORT = NO;
				GCC_VERSION = "";
				INFOPLIST_FILE = "Peerrecovery App/Peerrecovery App-Info.plist";
				IPHONEOS_DEPLOYMENT_TARGET = 11.0;
				LD_RUNPATH_SEARCH_PATHS = "@executable_path/Frameworks";
				LIBRARY_SEARCH_PATHS = (
					"$(inherited)",
					"\"$(SRCROOT)/$(TARGET_NAME)/Plugins/cordova.plugin.zoom/lib\"",
				);
				PRODUCT_BUNDLE_IDENTIFIER = com.peerrecovery.peer;
				PRODUCT_NAME = "$(TARGET_NAME)";
				SWIFT_OBJC_BRIDGING_HEADER = "$(PROJECT_DIR)/$(PROJECT_NAME)/Bridging-Header.h";
				SWIFT_VERSION = 4.0;
				TARGETED_DEVICE_FAMILY = "1,2";
				VALIDATE_WORKSPACE = NO;
			};
			name = Release;
		};
		C01FCF4F08A954540054247B /* Debug */ = {
			isa = XCBuildConfiguration;
			baseConfigurationReference = 3047A5111AB8059700498E2A /* build.xcconfig */;
			buildSettings = {
				ALWAYS_EMBED_SWIFT_STANDARD_LIBRARIES = YES;
				CLANG_ANALYZER_LOCALIZABILITY_NONLOCALIZED = YES;
				CLANG_ENABLE_MODULES = YES;
				CLANG_ENABLE_OBJC_ARC = YES;
				CLANG_WARN_BLOCK_CAPTURE_AUTORELEASING = YES;
				CLANG_WARN_BOOL_CONVERSION = YES;
				CLANG_WARN_COMMA = YES;
				CLANG_WARN_CONSTANT_CONVERSION = YES;
				CLANG_WARN_DEPRECATED_OBJC_IMPLEMENTATIONS = YES;
				CLANG_WARN_EMPTY_BODY = YES;
				CLANG_WARN_ENUM_CONVERSION = YES;
				CLANG_WARN_INFINITE_RECURSION = YES;
				CLANG_WARN_INT_CONVERSION = YES;
				CLANG_WARN_NON_LITERAL_NULL_CONVERSION = YES;
				CLANG_WARN_OBJC_IMPLICIT_RETAIN_SELF = YES;
				CLANG_WARN_OBJC_LITERAL_CONVERSION = YES;
				CLANG_WARN_RANGE_LOOP_ANALYSIS = YES;
				CLANG_WARN_STRICT_PROTOTYPES = YES;
				CLANG_WARN_SUSPICIOUS_MOVE = YES;
				CLANG_WARN_UNREACHABLE_CODE = YES;
				CLANG_WARN__DUPLICATE_METHOD_MATCH = YES;
				ENABLE_STRICT_OBJC_MSGSEND = YES;
				ENABLE_TESTABILITY = YES;
				GCC_C_LANGUAGE_STANDARD = c99;
				GCC_NO_COMMON_BLOCKS = YES;
				GCC_THUMB_SUPPORT = NO;
				GCC_VERSION = "";
				GCC_WARN_64_TO_32_BIT_CONVERSION = YES;
				GCC_WARN_ABOUT_RETURN_TYPE = YES;
				GCC_WARN_UNDECLARED_SELECTOR = YES;
				GCC_WARN_UNINITIALIZED_AUTOS = YES;
				GCC_WARN_UNUSED_FUNCTION = YES;
				GCC_WARN_UNUSED_VARIABLE = YES;
				IPHONEOS_DEPLOYMENT_TARGET = 11.0;
				ONLY_ACTIVE_ARCH = YES;
				SDKROOT = iphoneos;
				SKIP_INSTALL = NO;
				SWIFT_OBJC_BRIDGING_HEADER = "$(PROJECT_DIR)/$(PROJECT_NAME)/Bridging-Header.h";
				SWIFT_OPTIMIZATION_LEVEL = "-Onone";
				SWIFT_VERSION = 4.0;
				WK_WEB_VIEW_ONLY = 1;
			};
			name = Debug;
		};
		C01FCF5008A954540054247B /* Release */ = {
			isa = XCBuildConfiguration;
			baseConfigurationReference = 3047A5111AB8059700498E2A /* build.xcconfig */;
			buildSettings = {
				ALWAYS_EMBED_SWIFT_STANDARD_LIBRARIES = YES;
				CLANG_ANALYZER_LOCALIZABILITY_NONLOCALIZED = YES;
				CLANG_ENABLE_MODULES = YES;
				CLANG_ENABLE_OBJC_ARC = YES;
				CLANG_WARN_BLOCK_CAPTURE_AUTORELEASING = YES;
				CLANG_WARN_BOOL_CONVERSION = YES;
				CLANG_WARN_COMMA = YES;
				CLANG_WARN_CONSTANT_CONVERSION = YES;
				CLANG_WARN_DEPRECATED_OBJC_IMPLEMENTATIONS = YES;
				CLANG_WARN_EMPTY_BODY = YES;
				CLANG_WARN_ENUM_CONVERSION = YES;
				CLANG_WARN_INFINITE_RECURSION = YES;
				CLANG_WARN_INT_CONVERSION = YES;
				CLANG_WARN_NON_LITERAL_NULL_CONVERSION = YES;
				CLANG_WARN_OBJC_IMPLICIT_RETAIN_SELF = YES;
				CLANG_WARN_OBJC_LITERAL_CONVERSION = YES;
				CLANG_WARN_RANGE_LOOP_ANALYSIS = YES;
				CLANG_WARN_STRICT_PROTOTYPES = YES;
				CLANG_WARN_SUSPICIOUS_MOVE = YES;
				CLANG_WARN_UNREACHABLE_CODE = YES;
				CLANG_WARN__DUPLICATE_METHOD_MATCH = YES;
				ENABLE_STRICT_OBJC_MSGSEND = YES;
				GCC_C_LANGUAGE_STANDARD = c99;
				GCC_NO_COMMON_BLOCKS = YES;
				GCC_THUMB_SUPPORT = NO;
				GCC_VERSION = "";
				GCC_WARN_64_TO_32_BIT_CONVERSION = YES;
				GCC_WARN_ABOUT_RETURN_TYPE = YES;
				GCC_WARN_UNDECLARED_SELECTOR = YES;
				GCC_WARN_UNINITIALIZED_AUTOS = YES;
				GCC_WARN_UNUSED_FUNCTION = YES;
				GCC_WARN_UNUSED_VARIABLE = YES;
				IPHONEOS_DEPLOYMENT_TARGET = 11.0;
				SDKROOT = iphoneos;
				SKIP_INSTALL = NO;
				SWIFT_OBJC_BRIDGING_HEADER = "$(PROJECT_DIR)/$(PROJECT_NAME)/Bridging-Header.h";
				SWIFT_VERSION = 4.0;
				WK_WEB_VIEW_ONLY = 1;
			};
			name = Release;
		};
/* End XCBuildConfiguration section */

/* Begin XCConfigurationList section */
		1D6058960D05DD3E006BFB54 /* Build configuration list for PBXNativeTarget "Peerrecovery App" */ = {
			isa = XCConfigurationList;
			buildConfigurations = (
				1D6058940D05DD3E006BFB54 /* Debug */,
				1D6058950D05DD3E006BFB54 /* Release */,
			);
			defaultConfigurationIsVisible = 0;
			defaultConfigurationName = Release;
		};
		C01FCF4E08A954540054247B /* Build configuration list for PBXProject "Peerrecovery App" */ = {
			isa = XCConfigurationList;
			buildConfigurations = (
				C01FCF4F08A954540054247B /* Debug */,
				C01FCF5008A954540054247B /* Release */,
			);
			defaultConfigurationIsVisible = 0;
			defaultConfigurationName = Release;
		};
/* End XCConfigurationList section */
	};
	rootObject = 29B97313FDCFA39411CA2CEA /* Project object */;
}
